
Microsoft Visual Studio Solution File, Format Version 12.00
# Visual Studio 14
VisualStudioVersion = 14.0.25123.0
MinimumVisualStudioVersion = 10.0.40219.1
Project("{FAE04EC0-301F-11D3-BF4B-00C04F79EFBC}") = "Selp.Repository", "Selp.Repository\Selp.Repository.csproj", "{78CEE587-C390-47A7-A95A-D0798C29ABC4}"
EndProject
Project("{FAE04EC0-301F-11D3-BF4B-00C04F79EFBC}") = "Selp.Controller", "Selp.Controller\Selp.Controller.csproj", "{631E3BA1-8663-4FF7-8439-8FBDB19999F7}"
EndProject
Project("{FAE04EC0-301F-11D3-BF4B-00C04F79EFBC}") = "Selp.Semantic", "Selp.Semantic\Selp.Semantic.csproj", "{705057C3-F4C0-429E-9743-284BB0E1B8AB}"
EndProject
Project("{FAE04EC0-301F-11D3-BF4B-00C04F79EFBC}") = "Selp.Common", "Selp.Common\Selp.Common.csproj", "{15FB9881-2DB0-4477-AA6B-C4CB18A12A01}"
EndProject
Project("{FAE04EC0-301F-11D3-BF4B-00C04F79EFBC}") = "Selp.Interfaces", "Selp.Interfaces\Selp.Interfaces.csproj", "{D5E497B6-5CC0-45DE-A68A-A3F0EAF79DE3}"
EndProject
Project("{FAE04EC0-301F-11D3-BF4B-00C04F79EFBC}") = "Selp.Configuration", "Selp.Configuration\Selp.Configuration.csproj", "{A8E3F885-1D37-4BA4-9B30-D7D539EAF56C}"
EndProject
Project("{FAE04EC0-301F-11D3-BF4B-00C04F79EFBC}") = "Selp.UnitTests", "Selp.UnitTests\Selp.UnitTests.csproj", "{87D3F9DA-82AE-4601-8FFC-159A8C090559}"
EndProject
Project("{FAE04EC0-301F-11D3-BF4B-00C04F79EFBC}") = "Selp.Entities", "Selp.Entities\Selp.Entities.csproj", "{C4B3A709-2C26-4A6A-B348-928A08D98D81}"
EndProject
Project("{2150E333-8FDC-42A3-9474-1A3956D46DE8}") = "Library", "Library", "{46E8DE63-E635-4E63-A9D9-DDF5E267CFA2}"
EndProject
Project("{2150E333-8FDC-42A3-9474-1A3956D46DE8}") = "Application", "Application", "{FBB532B9-E28F-44B8-8B93-F0B07458F8F6}"
EndProject
Project("{FAE04EC0-301F-11D3-BF4B-00C04F79EFBC}") = "Example.Web", "Example.Web\Example.Web.csproj", "{51307646-ADCD-4140-A972-1A7CDC6CB11F}"
EndProject
Project("{FAE04EC0-301F-11D3-BF4B-00C04F79EFBC}") = "Example.Polygon", "Example.Polygon\Example.Polygon.csproj", "{E5F765E1-8288-401E-948B-0E17DB857E50}"
EndProject
Project("{FAE04EC0-301F-11D3-BF4B-00C04F79EFBC}") = "Example.Entities", "Example.Entities\Example.Entities.csproj", "{755AA3CF-2314-4312-B9DC-6E05B7A8EEC7}"
EndProject
Project("{FAE04EC0-301F-11D3-BF4B-00C04F79EFBC}") = "Example.Repositories", "Example.Repositories\Example.Repositories.csproj", "{9E90C8C6-E1D6-4B4B-8946-632141F96D2E}"
EndProject
Global
	GlobalSection(SolutionConfigurationPlatforms) = preSolution
		Debug|Any CPU = Debug|Any CPU
		Release|Any CPU = Release|Any CPU
	EndGlobalSection
	GlobalSection(ProjectConfigurationPlatforms) = postSolution
		{78CEE587-C390-47A7-A95A-D0798C29ABC4}.Debug|Any CPU.ActiveCfg = Debug|Any CPU
		{78CEE587-C390-47A7-A95A-D0798C29ABC4}.Debug|Any CPU.Build.0 = Debug|Any CPU
		{78CEE587-C390-47A7-A95A-D0798C29ABC4}.Release|Any CPU.ActiveCfg = Release|Any CPU
		{78CEE587-C390-47A7-A95A-D0798C29ABC4}.Release|Any CPU.Build.0 = Release|Any CPU
		{631E3BA1-8663-4FF7-8439-8FBDB19999F7}.Debug|Any CPU.ActiveCfg = Debug|Any CPU
		{631E3BA1-8663-4FF7-8439-8FBDB19999F7}.Debug|Any CPU.Build.0 = Debug|Any CPU
		{631E3BA1-8663-4FF7-8439-8FBDB19999F7}.Release|Any CPU.ActiveCfg = Release|Any CPU
		{631E3BA1-8663-4FF7-8439-8FBDB19999F7}.Release|Any CPU.Build.0 = Release|Any CPU
		{705057C3-F4C0-429E-9743-284BB0E1B8AB}.Debug|Any CPU.ActiveCfg = Debug|Any CPU
		{705057C3-F4C0-429E-9743-284BB0E1B8AB}.Debug|Any CPU.Build.0 = Debug|Any CPU
		{705057C3-F4C0-429E-9743-284BB0E1B8AB}.Release|Any CPU.ActiveCfg = Release|Any CPU
		{705057C3-F4C0-429E-9743-284BB0E1B8AB}.Release|Any CPU.Build.0 = Release|Any CPU
		{15FB9881-2DB0-4477-AA6B-C4CB18A12A01}.Debug|Any CPU.ActiveCfg = Debug|Any CPU
		{15FB9881-2DB0-4477-AA6B-C4CB18A12A01}.Debug|Any CPU.Build.0 = Debug|Any CPU
		{15FB9881-2DB0-4477-AA6B-C4CB18A12A01}.Release|Any CPU.ActiveCfg = Release|Any CPU
		{15FB9881-2DB0-4477-AA6B-C4CB18A12A01}.Release|Any CPU.Build.0 = Release|Any CPU
		{D5E497B6-5CC0-45DE-A68A-A3F0EAF79DE3}.Debug|Any CPU.ActiveCfg = Debug|Any CPU
		{D5E497B6-5CC0-45DE-A68A-A3F0EAF79DE3}.Debug|Any CPU.Build.0 = Debug|Any CPU
		{D5E497B6-5CC0-45DE-A68A-A3F0EAF79DE3}.Release|Any CPU.ActiveCfg = Release|Any CPU
		{D5E497B6-5CC0-45DE-A68A-A3F0EAF79DE3}.Release|Any CPU.Build.0 = Release|Any CPU
		{A8E3F885-1D37-4BA4-9B30-D7D539EAF56C}.Debug|Any CPU.ActiveCfg = Debug|Any CPU
		{A8E3F885-1D37-4BA4-9B30-D7D539EAF56C}.Debug|Any CPU.Build.0 = Debug|Any CPU
		{A8E3F885-1D37-4BA4-9B30-D7D539EAF56C}.Release|Any CPU.ActiveCfg = Release|Any CPU
		{A8E3F885-1D37-4BA4-9B30-D7D539EAF56C}.Release|Any CPU.Build.0 = Release|Any CPU
		{87D3F9DA-82AE-4601-8FFC-159A8C090559}.Debug|Any CPU.ActiveCfg = Debug|Any CPU
		{87D3F9DA-82AE-4601-8FFC-159A8C090559}.Debug|Any CPU.Build.0 = Debug|Any CPU
		{87D3F9DA-82AE-4601-8FFC-159A8C090559}.Release|Any CPU.ActiveCfg = Release|Any CPU
		{87D3F9DA-82AE-4601-8FFC-159A8C090559}.Release|Any CPU.Build.0 = Release|Any CPU
		{C4B3A709-2C26-4A6A-B348-928A08D98D81}.Debug|Any CPU.ActiveCfg = Debug|Any CPU
		{C4B3A709-2C26-4A6A-B348-928A08D98D81}.Debug|Any CPU.Build.0 = Debug|Any CPU
		{C4B3A709-2C26-4A6A-B348-928A08D98D81}.Release|Any CPU.ActiveCfg = Release|Any CPU
		{C4B3A709-2C26-4A6A-B348-928A08D98D81}.Release|Any CPU.Build.0 = Release|Any CPU
		{51307646-ADCD-4140-A972-1A7CDC6CB11F}.Debug|Any CPU.ActiveCfg = Debug|Any CPU
		{51307646-ADCD-4140-A972-1A7CDC6CB11F}.Debug|Any CPU.Build.0 = Debug|Any CPU
		{51307646-ADCD-4140-A972-1A7CDC6CB11F}.Release|Any CPU.ActiveCfg = Release|Any CPU
		{51307646-ADCD-4140-A972-1A7CDC6CB11F}.Release|Any CPU.Build.0 = Release|Any CPU
		{E5F765E1-8288-401E-948B-0E17DB857E50}.Debug|Any CPU.ActiveCfg = Debug|Any CPU
		{E5F765E1-8288-401E-948B-0E17DB857E50}.Debug|Any CPU.Build.0 = Debug|Any CPU
		{E5F765E1-8288-401E-948B-0E17DB857E50}.Release|Any CPU.ActiveCfg = Release|Any CPU
		{E5F765E1-8288-401E-948B-0E17DB857E50}.Release|Any CPU.Build.0 = Release|Any CPU
		{755AA3CF-2314-4312-B9DC-6E05B7A8EEC7}.Debug|Any CPU.ActiveCfg = Debug|Any CPU
		{755AA3CF-2314-4312-B9DC-6E05B7A8EEC7}.Debug|Any CPU.Build.0 = Debug|Any CPU
		{755AA3CF-2314-4312-B9DC-6E05B7A8EEC7}.Release|Any CPU.ActiveCfg = Release|Any CPU
		{755AA3CF-2314-4312-B9DC-6E05B7A8EEC7}.Release|Any CPU.Build.0 = Release|Any CPU
		{9E90C8C6-E1D6-4B4B-8946-632141F96D2E}.Debug|Any CPU.ActiveCfg = Debug|Any CPU
		{9E90C8C6-E1D6-4B4B-8946-632141F96D2E}.Debug|Any CPU.Build.0 = Debug|Any CPU
		{9E90C8C6-E1D6-4B4B-8946-632141F96D2E}.Release|Any CPU.ActiveCfg = Release|Any CPU
		{9E90C8C6-E1D6-4B4B-8946-632141F96D2E}.Release|Any CPU.Build.0 = Release|Any CPU
	EndGlobalSection
	GlobalSection(SolutionProperties) = preSolution
		HideSolutionNode = FALSE
	EndGlobalSection
	GlobalSection(NestedProjects) = preSolution
		{78CEE587-C390-47A7-A95A-D0798C29ABC4} = {46E8DE63-E635-4E63-A9D9-DDF5E267CFA2}
		{631E3BA1-8663-4FF7-8439-8FBDB19999F7} = {46E8DE63-E635-4E63-A9D9-DDF5E267CFA2}
		{705057C3-F4C0-429E-9743-284BB0E1B8AB} = {46E8DE63-E635-4E63-A9D9-DDF5E267CFA2}
		{15FB9881-2DB0-4477-AA6B-C4CB18A12A01} = {46E8DE63-E635-4E63-A9D9-DDF5E267CFA2}
		{D5E497B6-5CC0-45DE-A68A-A3F0EAF79DE3} = {46E8DE63-E635-4E63-A9D9-DDF5E267CFA2}
		{A8E3F885-1D37-4BA4-9B30-D7D539EAF56C} = {46E8DE63-E635-4E63-A9D9-DDF5E267CFA2}
		{87D3F9DA-82AE-4601-8FFC-159A8C090559} = {46E8DE63-E635-4E63-A9D9-DDF5E267CFA2}
		{C4B3A709-2C26-4A6A-B348-928A08D98D81} = {46E8DE63-E635-4E63-A9D9-DDF5E267CFA2}
		{51307646-ADCD-4140-A972-1A7CDC6CB11F} = {FBB532B9-E28F-44B8-8B93-F0B07458F8F6}
		{E5F765E1-8288-401E-948B-0E17DB857E50} = {FBB532B9-E28F-44B8-8B93-F0B07458F8F6}
		{755AA3CF-2314-4312-B9DC-6E05B7A8EEC7} = {FBB532B9-E28F-44B8-8B93-F0B07458F8F6}
		{9E90C8C6-E1D6-4B4B-8946-632141F96D2E} = {FBB532B9-E28F-44B8-8B93-F0B07458F8F6}
	EndGlobalSection
EndGlobal
